
Microsoft Visual Studio Solution File, Format Version 12.00
# Visual Studio Version 17
VisualStudioVersion = 17.5.33627.172
MinimumVisualStudioVersion = 10.0.40219.1
Project("{FAE04EC0-301F-11D3-BF4B-00C04F79EFBC}") = "WebAPI", "src\WebAPI\WebAPI.csproj", "{43EE001B-20E2-4BF7-AFC1-BC2DC1C69BB5}"
EndProject
Global
	GlobalSection(SolutionConfigurationPlatforms) = preSolution
		Debug|Any CPU = Debug|Any CPU
		Release|Any CPU = Release|Any CPU
	EndGlobalSection
	GlobalSection(ProjectConfigurationPlatforms) = postSolution
		{43EE001B-20E2-4BF7-AFC1-BC2DC1C69BB5}.Debug|Any CPU.ActiveCfg = Debug|Any CPU
		{43EE001B-20E2-4BF7-AFC1-BC2DC1C69BB5}.Debug|Any CPU.Build.0 = Debug|Any CPU
		{43EE001B-20E2-4BF7-AFC1-BC2DC1C69BB5}.Release|Any CPU.ActiveCfg = Release|Any CPU
		{43EE001B-20E2-4BF7-AFC1-BC2DC1C69BB5}.Release|Any CPU.Build.0 = Release|Any CPU
	EndGlobalSection
	GlobalSection(SolutionProperties) = preSolution
		HideSolutionNode = FALSE
	EndGlobalSection
	GlobalSection(ExtensibilityGlobals) = postSolution
		SolutionGuid = {030BD6CA-9BA7-45CB-BB30-FC7A5D4F7056}
	EndGlobalSection
EndGlobal
